
Microsoft Visual Studio Solution File, Format Version 12.00
# Visual Studio Version 17
VisualStudioVersion = 17.3.32929.385
MinimumVisualStudioVersion = 10.0.40219.1
Project("{2150E333-8FDC-42A3-9474-1A3956D46DE8}") = "Solution Items", "Solution Items", "{ABE1953A-A48E-4F93-A70D-03BE607C12A2}"
	ProjectSection(SolutionItems) = preProject
		.editorconfig = .editorconfig
		.gitattributes = .gitattributes
		.gitignore = .gitignore
		Directory.Build.props = Directory.Build.props
		README.md = README.md
	EndProjectSection
EndProject
Project("{2150E333-8FDC-42A3-9474-1A3956D46DE8}") = "features", "features", "{4C4F441D-EC3C-46A8-ACCD-E167F706FB91}"
EndProject
Project("{9A19103F-16F7-4668-BE54-9A1E7A4F7556}") = "Invocative.Neko.Framework", "src\core\Invocative.Neko.Framework.csproj", "{C4D24FA7-4366-41A0-9242-867475F45DA5}"
EndProject
Project("{FAE04EC0-301F-11D3-BF4B-00C04F79EFBC}") = "Controllers", "src\features\Controllers\Controllers.csproj", "{0F56A975-C604-4374-A884-024F72CF704C}"
EndProject
Project("{FAE04EC0-301F-11D3-BF4B-00C04F79EFBC}") = "Database", "src\features\Database\Database.csproj", "{057D6F4C-3C5C-4C17-8F01-C4A39A3DAEA9}"
EndProject
Project("{FAE04EC0-301F-11D3-BF4B-00C04F79EFBC}") = "Database.Npgsql", "src\features\Database.Npgsql\Database.Npgsql.csproj", "{69194BDD-080D-4FCD-9134-49390D6D71BF}"
EndProject
Project("{FAE04EC0-301F-11D3-BF4B-00C04F79EFBC}") = "sandbox", "src\sandbox\sandbox.csproj", "{AB36247C-8AE6-4658-95AA-A06214FD033B}"
EndProject
Project("{FAE04EC0-301F-11D3-BF4B-00C04F79EFBC}") = "WebSocket", "src\features\WebSocket\WebSocket.csproj", "{29D5CB59-26BB-4F17-AF61-6FF28E0C6D1B}"
EndProject
Project("{FAE04EC0-301F-11D3-BF4B-00C04F79EFBC}") = "Stl.Fusion", "src\features\Stl.Fusion\Stl.Fusion.csproj", "{36C0B6C4-DD40-4521-B3CC-65A549C0794D}"
EndProject
Project("{9A19103F-16F7-4668-BE54-9A1E7A4F7556}") = "Logging", "src\features\Logging\Logging.csproj", "{95609452-630E-4C4D-9B83-6CDA7FE5ACCB}"
EndProject
Project("{FAE04EC0-301F-11D3-BF4B-00C04F79EFBC}") = "HangFire", "src\features\HangFire\HangFire.csproj", "{9D54D306-2EE3-4843-BD8B-AD46E09C175E}"
EndProject
Global
	GlobalSection(SolutionConfigurationPlatforms) = preSolution
		Debug|Any CPU = Debug|Any CPU
		Release|Any CPU = Release|Any CPU
	EndGlobalSection
	GlobalSection(ProjectConfigurationPlatforms) = postSolution
		{C4D24FA7-4366-41A0-9242-867475F45DA5}.Debug|Any CPU.ActiveCfg = Debug|Any CPU
		{C4D24FA7-4366-41A0-9242-867475F45DA5}.Debug|Any CPU.Build.0 = Debug|Any CPU
		{C4D24FA7-4366-41A0-9242-867475F45DA5}.Release|Any CPU.ActiveCfg = Release|Any CPU
		{C4D24FA7-4366-41A0-9242-867475F45DA5}.Release|Any CPU.Build.0 = Release|Any CPU
		{0F56A975-C604-4374-A884-024F72CF704C}.Debug|Any CPU.ActiveCfg = Debug|Any CPU
		{0F56A975-C604-4374-A884-024F72CF704C}.Debug|Any CPU.Build.0 = Debug|Any CPU
		{0F56A975-C604-4374-A884-024F72CF704C}.Release|Any CPU.ActiveCfg = Release|Any CPU
		{0F56A975-C604-4374-A884-024F72CF704C}.Release|Any CPU.Build.0 = Release|Any CPU
		{057D6F4C-3C5C-4C17-8F01-C4A39A3DAEA9}.Debug|Any CPU.ActiveCfg = Debug|Any CPU
		{057D6F4C-3C5C-4C17-8F01-C4A39A3DAEA9}.Debug|Any CPU.Build.0 = Debug|Any CPU
		{057D6F4C-3C5C-4C17-8F01-C4A39A3DAEA9}.Release|Any CPU.ActiveCfg = Release|Any CPU
		{057D6F4C-3C5C-4C17-8F01-C4A39A3DAEA9}.Release|Any CPU.Build.0 = Release|Any CPU
		{69194BDD-080D-4FCD-9134-49390D6D71BF}.Debug|Any CPU.ActiveCfg = Debug|Any CPU
		{69194BDD-080D-4FCD-9134-49390D6D71BF}.Debug|Any CPU.Build.0 = Debug|Any CPU
		{69194BDD-080D-4FCD-9134-49390D6D71BF}.Release|Any CPU.ActiveCfg = Release|Any CPU
		{69194BDD-080D-4FCD-9134-49390D6D71BF}.Release|Any CPU.Build.0 = Release|Any CPU
		{AB36247C-8AE6-4658-95AA-A06214FD033B}.Debug|Any CPU.ActiveCfg = Debug|Any CPU
		{AB36247C-8AE6-4658-95AA-A06214FD033B}.Debug|Any CPU.Build.0 = Debug|Any CPU
		{AB36247C-8AE6-4658-95AA-A06214FD033B}.Release|Any CPU.ActiveCfg = Release|Any CPU
		{AB36247C-8AE6-4658-95AA-A06214FD033B}.Release|Any CPU.Build.0 = Release|Any CPU
		{29D5CB59-26BB-4F17-AF61-6FF28E0C6D1B}.Debug|Any CPU.ActiveCfg = Debug|Any CPU
		{29D5CB59-26BB-4F17-AF61-6FF28E0C6D1B}.Debug|Any CPU.Build.0 = Debug|Any CPU
		{29D5CB59-26BB-4F17-AF61-6FF28E0C6D1B}.Release|Any CPU.ActiveCfg = Release|Any CPU
		{29D5CB59-26BB-4F17-AF61-6FF28E0C6D1B}.Release|Any CPU.Build.0 = Release|Any CPU
		{36C0B6C4-DD40-4521-B3CC-65A549C0794D}.Debug|Any CPU.ActiveCfg = Debug|Any CPU
		{36C0B6C4-DD40-4521-B3CC-65A549C0794D}.Debug|Any CPU.Build.0 = Debug|Any CPU
		{36C0B6C4-DD40-4521-B3CC-65A549C0794D}.Release|Any CPU.ActiveCfg = Release|Any CPU
		{36C0B6C4-DD40-4521-B3CC-65A549C0794D}.Release|Any CPU.Build.0 = Release|Any CPU
		{95609452-630E-4C4D-9B83-6CDA7FE5ACCB}.Debug|Any CPU.ActiveCfg = Debug|Any CPU
		{95609452-630E-4C4D-9B83-6CDA7FE5ACCB}.Debug|Any CPU.Build.0 = Debug|Any CPU
		{95609452-630E-4C4D-9B83-6CDA7FE5ACCB}.Release|Any CPU.ActiveCfg = Release|Any CPU
		{95609452-630E-4C4D-9B83-6CDA7FE5ACCB}.Release|Any CPU.Build.0 = Release|Any CPU
		{9D54D306-2EE3-4843-BD8B-AD46E09C175E}.Debug|Any CPU.ActiveCfg = Debug|Any CPU
		{9D54D306-2EE3-4843-BD8B-AD46E09C175E}.Debug|Any CPU.Build.0 = Debug|Any CPU
		{9D54D306-2EE3-4843-BD8B-AD46E09C175E}.Release|Any CPU.ActiveCfg = Release|Any CPU
		{9D54D306-2EE3-4843-BD8B-AD46E09C175E}.Release|Any CPU.Build.0 = Release|Any CPU
	EndGlobalSection
	GlobalSection(SolutionProperties) = preSolution
		HideSolutionNode = FALSE
	EndGlobalSection
	GlobalSection(NestedProjects) = preSolution
		{0F56A975-C604-4374-A884-024F72CF704C} = {4C4F441D-EC3C-46A8-ACCD-E167F706FB91}
		{057D6F4C-3C5C-4C17-8F01-C4A39A3DAEA9} = {4C4F441D-EC3C-46A8-ACCD-E167F706FB91}
		{69194BDD-080D-4FCD-9134-49390D6D71BF} = {4C4F441D-EC3C-46A8-ACCD-E167F706FB91}
		{29D5CB59-26BB-4F17-AF61-6FF28E0C6D1B} = {4C4F441D-EC3C-46A8-ACCD-E167F706FB91}
		{36C0B6C4-DD40-4521-B3CC-65A549C0794D} = {4C4F441D-EC3C-46A8-ACCD-E167F706FB91}
		{95609452-630E-4C4D-9B83-6CDA7FE5ACCB} = {4C4F441D-EC3C-46A8-ACCD-E167F706FB91}
		{9D54D306-2EE3-4843-BD8B-AD46E09C175E} = {4C4F441D-EC3C-46A8-ACCD-E167F706FB91}
	EndGlobalSection
	GlobalSection(ExtensibilityGlobals) = postSolution
		SolutionGuid = {9A1BAC86-BDDA-4710-9016-E0986503AEAC}
	EndGlobalSection
EndGlobal
